
Microsoft Visual Studio Solution File, Format Version 12.00
# Visual Studio Version 17
VisualStudioVersion = 17.9.34714.143
MinimumVisualStudioVersion = 10.0.40219.1
Project("{8BC9CEB8-8B4A-11D0-8D11-00A0C91BC942}") = "day024", "day024\day024.vcxproj", "{1035A262-7641-45A3-8CFF-43B2DD65643A}"
EndProject
Global
	GlobalSection(SolutionConfigurationPlatforms) = preSolution
		Debug|x64 = Debug|x64
		Debug|x86 = Debug|x86
		Release|x64 = Release|x64
		Release|x86 = Release|x86
	EndGlobalSection
	GlobalSection(ProjectConfigurationPlatforms) = postSolution
		{1035A262-7641-45A3-8CFF-43B2DD65643A}.Debug|x64.ActiveCfg = Debug|x64
		{1035A262-7641-45A3-8CFF-43B2DD65643A}.Debug|x64.Build.0 = Debug|x64
		{1035A262-7641-45A3-8CFF-43B2DD65643A}.Debug|x86.ActiveCfg = Debug|Win32
		{1035A262-7641-45A3-8CFF-43B2DD65643A}.Debug|x86.Build.0 = Debug|Win32
		{1035A262-7641-45A3-8CFF-43B2DD65643A}.Release|x64.ActiveCfg = Release|x64
		{1035A262-7641-45A3-8CFF-43B2DD65643A}.Release|x64.Build.0 = Release|x64
		{1035A262-7641-45A3-8CFF-43B2DD65643A}.Release|x86.ActiveCfg = Release|Win32
		{1035A262-7641-45A3-8CFF-43B2DD65643A}.Release|x86.Build.0 = Release|Win32
	EndGlobalSection
	GlobalSection(SolutionProperties) = preSolution
		HideSolutionNode = FALSE
	EndGlobalSection
	GlobalSection(ExtensibilityGlobals) = postSolution
		SolutionGuid = {41EDEDE1-0FD6-482C-A032-46EB6A704A50}
	EndGlobalSection
EndGlobal
